
Microsoft Visual Studio Solution File, Format Version 12.00
# Visual Studio 2013
Project("{FAE04EC0-301F-11D3-BF4B-00C04F79EFBC}") = "ngui.CSharp", "ngui.CSharp.csproj", "{8906292B-B782-2749-A62D-C3D5FC3C5E60}"
EndProject
Project("{FAE04EC0-301F-11D3-BF4B-00C04F79EFBC}") = "ngui.CSharp.Editor", "ngui.CSharp.Editor.csproj", "{DEC2B42A-7BE7-E0CD-0677-7CBED6B0599D}"
EndProject
Global
	GlobalSection(SolutionConfigurationPlatforms) = preSolution
		Debug|Any CPU = Debug|Any CPU
		Release|Any CPU = Release|Any CPU
	EndGlobalSection
	GlobalSection(ProjectConfigurationPlatforms) = postSolution
		{8906292B-B782-2749-A62D-C3D5FC3C5E60}.Debug|Any CPU.ActiveCfg = Debug|Any CPU
		{8906292B-B782-2749-A62D-C3D5FC3C5E60}.Debug|Any CPU.Build.0 = Debug|Any CPU
		{8906292B-B782-2749-A62D-C3D5FC3C5E60}.Release|Any CPU.ActiveCfg = Release|Any CPU
		{8906292B-B782-2749-A62D-C3D5FC3C5E60}.Release|Any CPU.Build.0 = Release|Any CPU
		{DEC2B42A-7BE7-E0CD-0677-7CBED6B0599D}.Debug|Any CPU.ActiveCfg = Debug|Any CPU
		{DEC2B42A-7BE7-E0CD-0677-7CBED6B0599D}.Debug|Any CPU.Build.0 = Debug|Any CPU
		{DEC2B42A-7BE7-E0CD-0677-7CBED6B0599D}.Release|Any CPU.ActiveCfg = Release|Any CPU
		{DEC2B42A-7BE7-E0CD-0677-7CBED6B0599D}.Release|Any CPU.Build.0 = Release|Any CPU
	EndGlobalSection
	GlobalSection(SolutionProperties) = preSolution
		HideSolutionNode = FALSE
	EndGlobalSection
EndGlobal
